<?xml version="1.0" encoding="utf-8"?>
<Project ToolsVersion="4.0" xmlns="http://schemas.microsoft.com/developer/msbuild/2003">
  <ItemGroup>
    <Filter Include="Form Files">
      <UniqueIdentifier>{99349809-55BA-4b9d-BF79-8FDBB0286EB3}</UniqueIdentifier>
      <Extensions>ui</Extensions>
      <ParseFiles>false</ParseFiles>
    </Filter>
    <Filter Include="Form Files">
      <UniqueIdentifier>{99349809-55BA-4b9d-BF79-8FDBB0286EB3}</UniqueIdentifier>
      <Extensions>ui</Extensions>
      <ParseFiles>false</ParseFiles>
    </Filter>
    <Filter Include="Generated Files">
      <UniqueIdentifier>{71ED8ED8-ACB9-4CE9-BBE1-E00B30144E11}</UniqueIdentifier>
      <Extensions>cpp;c;cxx;moc;h;def;odl;idl;res;</Extensions>
    </Filter>
    <Filter Include="Generated Files">
      <UniqueIdentifier>{71ED8ED8-ACB9-4CE9-BBE1-E00B30144E11}</UniqueIdentifier>
      <Extensions>cpp;c;cxx;moc;h;def;odl;idl;res;</Extensions>
    </Filter>
    <Filter Include="Header Files">
      <UniqueIdentifier>{93995380-89BD-4b04-88EB-625FBE52EBFB}</UniqueIdentifier>
      <Extensions>h;hpp;hxx;hm;inl;inc;xsd</Extensions>
    </Filter>
    <Filter Include="Header Files">
      <UniqueIdentifier>{93995380-89BD-4b04-88EB-625FBE52EBFB}</UniqueIdentifier>
      <Extensions>h;hpp;hxx;hm;inl;inc;xsd</Extensions>
    </Filter>
    <Filter Include="Resource Files">
      <UniqueIdentifier>{D9D6E242-F8AF-46E4-B9FD-80ECBC20BA3E}</UniqueIdentifier>
      <Extensions>qrc;*</Extensions>
      <ParseFiles>false</ParseFiles>
    </Filter>
    <Filter Include="Resource Files">
      <UniqueIdentifier>{D9D6E242-F8AF-46E4-B9FD-80ECBC20BA3E}</UniqueIdentifier>
      <Extensions>qrc;*</Extensions>
      <ParseFiles>false</ParseFiles>
    </Filter>
    <Filter Include="Source Files">
      <UniqueIdentifier>{4FC737F1-C7A5-4376-A066-2A32D752A2FF}</UniqueIdentifier>
      <Extensions>cpp;c;cxx;def;odl;idl;hpj;bat;asm;asmx</Extensions>
    </Filter>
    <Filter Include="Source Files">
      <UniqueIdentifier>{4FC737F1-C7A5-4376-A066-2A32D752A2FF}</UniqueIdentifier>
      <Extensions>cpp;c;cxx;def;odl;idl;hpj;bat;asm;asmx</Extensions>
    </Filter>
  </ItemGroup>
  <ItemGroup>
    <ClCompile Include="aboutbrainsuitedialog.cpp">
      <Filter>Source Files</Filter>
    </ClCompile>
    <ClCompile Include="..\corticalextraction\bse\anisotropicdiffusionfilter.cpp">
      <Filter>Source Files</Filter>
    </ClCompile>
    <ClCompile Include="..\3rdParty\src\arcball.cpp">
      <Filter>Source Files</Filter>
    </ClCompile>
    <ClCompile Include="bfcguitool.cpp">
      <Filter>Source Files</Filter>
    </ClCompile>
    <ClCompile Include="..\corticalextraction\bfc\bfcloop.cpp">
      <Filter>Source Files</Filter>
    </ClCompile>
    <ClCompile Include="bfcthreaddialog.cpp">
      <Filter>Source Files</Filter>
    </ClCompile>
    <ClCompile Include="..\corticalextraction\bfc\bfctool.cpp">
      <Filter>Source Files</Filter>
    </ClCompile>
    <ClCompile Include="..\corticalextraction\bfc\bfcutils.cpp">
      <Filter>Source Files</Filter>
    </ClCompile>
    <ClCompile Include="..\corticalextraction\bfc\biasdensitymodel.cpp">
      <Filter>Source Files</Filter>
    </ClCompile>
    <ClCompile Include="biasfieldcorrectionthread.cpp">
      <Filter>Source Files</Filter>
    </ClCompile>
    <ClCompile Include="..\corticalextraction\bfc\biasfieldcorrector.cpp">
      <Filter>Source Files</Filter>
    </ClCompile>
    <ClCompile Include="..\corticalextraction\bfc\biasmodelfit.cpp">
      <Filter>Source Files</Filter>
    </ClCompile>
    <ClCompile Include="..\corticalextraction\hemisplit\brainsplitter.cpp">
      <Filter>Source Files</Filter>
    </ClCompile>
    <ClCompile Include="brainsuitedatamanager.cpp">
      <Filter>Source Files</Filter>
    </ClCompile>
    <ClCompile Include="brainsuiteinstalldialog.cpp">
      <Filter>Source Files</Filter>
    </ClCompile>
    <ClCompile Include="brainsuiteqtsettings.cpp">
      <Filter>Source Files</Filter>
    </ClCompile>
    <ClCompile Include="brainsuiterenderer.cpp">
      <Filter>Source Files</Filter>
    </ClCompile>
    <ClCompile Include="brainsuitesettings.cpp">
      <Filter>Source Files</Filter>
    </ClCompile>
    <ClCompile Include="brainsuitewindow.cpp">
      <Filter>Source Files</Filter>
    </ClCompile>
    <ClCompile Include="bseguitool.cpp">
      <Filter>Source Files</Filter>
    </ClCompile>
    <ClCompile Include="..\corticalextraction\bse\bsetool.cpp">
      <Filter>Source Files</Filter>
    </ClCompile>
    <ClCompile Include="bsw_diffusion.cpp">
      <Filter>Source Files</Filter>
    </ClCompile>
    <ClCompile Include="bsw_filehandlers.cpp">
      <Filter>Source Files</Filter>
    </ClCompile>
    <ClCompile Include="bsw_initialization.cpp">
      <Filter>Source Files</Filter>
    </ClCompile>
    <ClCompile Include="bsw_keypress.cpp">
      <Filter>Source Files</Filter>
    </ClCompile>
    <ClCompile Include="buildversion.cpp">
      <Filter>Source Files</Filter>
    </ClCompile>
    <ClCompile Include="cerebroguitool.cpp">
      <Filter>Source Files</Filter>
    </ClCompile>
    <ClCompile Include="cerebrumextractiondialog.cpp">
      <Filter>Source Files</Filter>
    </ClCompile>
    <ClCompile Include="cerebrumlabelerqt.cpp">
      <Filter>Source Files</Filter>
    </ClCompile>
    <ClCompile Include="..\corticalextraction\bfc\clampcopy.cpp">
      <Filter>Source Files</Filter>
    </ClCompile>
    <ClCompile Include="clicklabel.cpp">
      <Filter>Source Files</Filter>
    </ClCompile>
    <ClCompile Include="..\vol3d\codec32.cpp">
      <Filter>Source Files</Filter>
    </ClCompile>
    <ClCompile Include="..\corticalextraction\pialmesh\collisiondata.cpp">
      <Filter>Source Files</Filter>
    </ClCompile>
    <ClCompile Include="..\corticalextraction\pialmesh\collisionlist.cpp">
      <Filter>Source Files</Filter>
    </ClCompile>
    <ClCompile Include="..\vol3d\colormap.cpp">
      <Filter>Source Files</Filter>
    </ClCompile>
    <ClCompile Include="colorselectionbutton.cpp">
      <Filter>Source Files</Filter>
    </ClCompile>
    <ClCompile Include="..\corticalextraction\bfc\computebiaspoints.cpp">
      <Filter>Source Files</Filter>
    </ClCompile>
    <ClCompile Include="computeconnectivitythread.cpp">
      <Filter>Source Files</Filter>
    </ClCompile>
    <ClCompile Include="computeconnectivitythreaddialog.cpp">
      <Filter>Source Files</Filter>
    </ClCompile>
    <ClCompile Include="computerange.cpp">
      <Filter>Source Files</Filter>
    </ClCompile>
    <ClCompile Include="connectivityglwidget.cpp">
      <Filter>Source Files</Filter>
    </ClCompile>
    <ClCompile Include="..\diffusion\conmat\connectivitymap.cpp">
      <Filter>Source Files</Filter>
    </ClCompile>
    <ClCompile Include="..\diffusion\conmat\connectivityproperties.cpp">
      <Filter>Source Files</Filter>
    </ClCompile>
    <ClCompile Include="connectivityrenderer.cpp">
      <Filter>Source Files</Filter>
    </ClCompile>
    <ClCompile Include="connectivityviewdialog.cpp">
      <Filter>Source Files</Filter>
    </ClCompile>
    <ClCompile Include="consoletext.cpp">
      <Filter>Source Files</Filter>
    </ClCompile>
    <ClCompile Include="cortexidentificationdialog.cpp">
      <Filter>Source Files</Filter>
    </ClCompile>
    <ClCompile Include="..\corticalextraction\cortex\cortexmodeler.cpp">
      <Filter>Source Files</Filter>
    </ClCompile>
    <ClCompile Include="cortexmodelguitool.cpp">
      <Filter>Source Files</Filter>
    </ClCompile>
    <ClCompile Include="corticalextractiondata.cpp">
      <Filter>Source Files</Filter>
    </ClCompile>
    <ClCompile Include="corticalextractionsequencedialog.cpp">
      <Filter>Source Files</Filter>
    </ClCompile>
    <ClCompile Include="corticalextractionsequencedialog_parameters.cpp">
      <Filter>Source Files</Filter>
    </ClCompile>
    <ClCompile Include="corticalextractionsettings.cpp">
      <Filter>Source Files</Filter>
    </ClCompile>
    <ClCompile Include="curvetoolboxform.cpp">
      <Filter>Source Files</Filter>
    </ClCompile>
    <ClCompile Include="delineationtoolboxform.cpp">
      <Filter>Source Files</Filter>
    </ClCompile>
    <ClCompile Include="..\corticalextraction\dewisp\dewisp.cpp">
      <Filter>Source Files</Filter>
    </ClCompile>
    <ClCompile Include="dewispdialog.cpp">
      <Filter>Source Files</Filter>
    </ClCompile>
    <ClCompile Include="dewispguitool.cpp">
      <Filter>Source Files</Filter>
    </ClCompile>
    <ClCompile Include="..\corticalextraction\dewisp\dewisptool.cpp">
      <Filter>Source Files</Filter>
    </ClCompile>
    <ClCompile Include="diffusiontoolboxform.cpp">
      <Filter>Source Files</Filter>
    </ClCompile>
    <ClCompile Include="diffusiontoolboxform_filtertracks.cpp">
      <Filter>Source Files</Filter>
    </ClCompile>
    <ClCompile Include="dsfilelabel.cpp">
      <Filter>Source Files</Filter>
    </ClCompile>
    <ClCompile Include="dsfilepathbutton.cpp">
      <Filter>Source Files</Filter>
    </ClCompile>
    <ClCompile Include="dsglslider.cpp">
      <Filter>Source Files</Filter>
    </ClCompile>
    <ClCompile Include="dsglviewdialog.cpp">
      <Filter>Source Files</Filter>
    </ClCompile>
    <ClCompile Include="dsglwidget.cpp">
      <Filter>Source Files</Filter>
    </ClCompile>
    <ClCompile Include="dsglwidget_events.cpp">
      <Filter>Source Files</Filter>
    </ClCompile>
    <ClCompile Include="dsglwidget_slices.cpp">
      <Filter>Source Files</Filter>
    </ClCompile>
    <ClCompile Include="dsglwidget_toggles.cpp">
      <Filter>Source Files</Filter>
    </ClCompile>
    <ClCompile Include="dsimage.cpp">
      <Filter>Source Files</Filter>
    </ClCompile>
    <ClCompile Include="dsimagerangecontrol.cpp">
      <Filter>Source Files</Filter>
    </ClCompile>
    <ClCompile Include="dslight.cpp">
      <Filter>Source Files</Filter>
    </ClCompile>
    <ClCompile Include="dsrangeslider.cpp">
      <Filter>Source Files</Filter>
    </ClCompile>
    <ClCompile Include="dstube.cpp">
      <Filter>Source Files</Filter>
    </ClCompile>
    <ClCompile Include="dualregistrationprocess.cpp">
      <Filter>Source Files</Filter>
    </ClCompile>
    <ClCompile Include="dualregistrationprocessdialog.cpp">
      <Filter>Source Files</Filter>
    </ClCompile>
    <ClCompile Include="..\corticalextraction\hemisplit\edgemapper.cpp">
      <Filter>Source Files</Filter>
    </ClCompile>
    <ClCompile Include="extractionstages.cpp">
      <Filter>Source Files</Filter>
    </ClCompile>
    <ClCompile Include="fiberrenderer.cpp">
      <Filter>Source Files</Filter>
    </ClCompile>
    <ClCompile Include="..\diffusion\htrack\fibertrackerthread.cpp">
      <Filter>Source Files</Filter>
    </ClCompile>
    <ClCompile Include="..\diffusion\htrack\fibertrackset.cpp">
      <Filter>Source Files</Filter>
    </ClCompile>
    <ClCompile Include="filedownloader.cpp">
      <Filter>Source Files</Filter>
    </ClCompile>
    <ClCompile Include="..\diffusion\odfmax\findodfmaximamanager.cpp">
      <Filter>Source Files</Filter>
    </ClCompile>
    <ClCompile Include="..\diffusion\odfmax\findodfmaximathread.cpp">
      <Filter>Source Files</Filter>
    </ClCompile>
    <ClCompile Include="floatslider.cpp">
      <Filter>Source Files</Filter>
    </ClCompile>
    <ClCompile Include="..\corticalextraction\pvc\gaussian.cpp">
      <Filter>Source Files</Filter>
    </ClCompile>
    <ClCompile Include="glframe2d.cpp">
      <Filter>Source Files</Filter>
    </ClCompile>
    <ClCompile Include="glglyphs.cpp">
      <Filter>Source Files</Filter>
    </ClCompile>
    <ClCompile Include="glviewcontroller.cpp">
      <Filter>Source Files</Filter>
    </ClCompile>
    <ClCompile Include="gotocoordinatedialog.cpp">
      <Filter>Source Files</Filter>
    </ClCompile>
    <ClCompile Include="..\vol3d\graph.cpp">
      <Filter>Source Files</Filter>
    </ClCompile>
    <ClCompile Include="..\diffusion\harditool\hardirenderer.cpp">
      <Filter>Source Files</Filter>
    </ClCompile>
    <ClCompile Include="..\diffusion\odfmax\harditool.cpp">
      <Filter>Source Files</Filter>
    </ClCompile>
    <ClCompile Include="hemisplitguitool.cpp">
      <Filter>Source Files</Filter>
    </ClCompile>
    <ClCompile Include="..\corticalextraction\bfc\histtest.cpp">
      <Filter>Source Files</Filter>
    </ClCompile>
    <ClCompile Include="..\diffusion\htrack\htracker.cpp">
      <Filter>Source Files</Filter>
    </ClCompile>
    <ClCompile Include="imagedisplaypropertiesform.cpp">
      <Filter>Source Files</Filter>
    </ClCompile>
    <ClCompile Include="imageframe.cpp">
      <Filter>Source Files</Filter>
    </ClCompile>
    <ClCompile Include="imagewidget.cpp">
      <Filter>Source Files</Filter>
    </ClCompile>
    <ClCompile Include="innercorticalsurfacedialog.cpp">
      <Filter>Source Files</Filter>
    </ClCompile>
    <ClCompile Include="innercorticalsurfaceguitool.cpp">
      <Filter>Source Files</Filter>
    </ClCompile>
    <ClCompile Include="labeldescriptions.cpp">
      <Filter>Source Files</Filter>
    </ClCompile>
    <ClCompile Include="latestversionmanifest.cpp">
      <Filter>Source Files</Filter>
    </ClCompile>
    <ClCompile Include="lutmenusystem.cpp">
      <Filter>Source Files</Filter>
    </ClCompile>
    <ClCompile Include="main.cpp">
      <Filter>Source Files</Filter>
    </ClCompile>
    <ClCompile Include="..\corticalextraction\dfs\marchingcubes.cpp">
      <Filter>Source Files</Filter>
    </ClCompile>
    <ClCompile Include="..\corticalextraction\dfs\marchingcubesinstances.cpp">
      <Filter>Source Files</Filter>
    </ClCompile>
    <ClCompile Include="..\corticalextraction\scrubmask\maskscrubber.cpp">
      <Filter>Source Files</Filter>
    </ClCompile>
    <ClCompile Include="..\vol3d\morph32.cpp">
      <Filter>Source Files</Filter>
    </ClCompile>
    <ClCompile Include="..\vol3d\niftiparser.cpp">
      <Filter>Source Files</Filter>
    </ClCompile>
    <ClCompile Include="nonuniformitycorrectiondialog.cpp">
      <Filter>Source Files</Filter>
    </ClCompile>
    <ClCompile Include="..\diffusion\odfmax\odffactory.cpp">
      <Filter>Source Files</Filter>
    </ClCompile>
    <ClCompile Include="..\diffusion\harditool\odffactory_gl.cpp">
      <Filter>Source Files</Filter>
    </ClCompile>
    <ClCompile Include="..\corticalextraction\pvc\partialvolumemodel.cpp">
      <Filter>Source Files</Filter>
    </ClCompile>
    <ClCompile Include="pialsurfacedialog.cpp">
      <Filter>Source Files</Filter>
    </ClCompile>
    <ClCompile Include="pialsurfaceguitool.cpp">
      <Filter>Source Files</Filter>
    </ClCompile>
    <ClCompile Include="pialsurfacethread.cpp">
      <Filter>Source Files</Filter>
    </ClCompile>
    <ClCompile Include="pialsurfacethreaddialog.cpp">
      <Filter>Source Files</Filter>
    </ClCompile>
    <ClCompile Include="pialsurfacetool.cpp">
      <Filter>Source Files</Filter>
    </ClCompile>
    <ClCompile Include="processingthreaddialog.cpp">
      <Filter>Source Files</Filter>
    </ClCompile>
    <ClCompile Include="..\curvelib\protocolcurveset.cpp">
      <Filter>Source Files</Filter>
    </ClCompile>
    <ClCompile Include="pvcguitool.cpp">
      <Filter>Source Files</Filter>
    </ClCompile>
    <ClCompile Include="..\corticalextraction\pvc\pvctool.cpp">
      <Filter>Source Files</Filter>
    </ClCompile>
    <ClCompile Include="..\corticalextraction\bfc\regcomputebiasfloat.cpp">
      <Filter>Source Files</Filter>
    </ClCompile>
    <ClCompile Include="..\corticalextraction\bfc\regcomputemaskedbiasfloat.cpp">
      <Filter>Source Files</Filter>
    </ClCompile>
    <ClCompile Include="registrationprocessdialog.cpp">
      <Filter>Source Files</Filter>
    </ClCompile>
    <ClCompile Include="..\corticalextraction\bfc\regremovebias.cpp">
      <Filter>Source Files</Filter>
    </ClCompile>
    <ClCompile Include="..\corticalextraction\bfc\regremovebiasmasked.cpp">
      <Filter>Source Files</Filter>
    </ClCompile>
    <ClCompile Include="..\corticalextraction\bfc\regularizedsplinef.cpp">
      <Filter>Source Files</Filter>
    </ClCompile>
    <ClCompile Include="..\corticalextraction\bfc\roihistogram.cpp">
      <Filter>Source Files</Filter>
    </ClCompile>
    <ClCompile Include="..\vol3d\runlengthsegmenter.cpp">
      <Filter>Source Files</Filter>
    </ClCompile>
    <ClCompile Include="scrubmaskdialog.cpp">
      <Filter>Source Files</Filter>
    </ClCompile>
    <ClCompile Include="scrubmaskguitool.cpp">
      <Filter>Source Files</Filter>
    </ClCompile>
    <ClCompile Include="..\surflib\siltsurface.cpp">
      <Filter>Source Files</Filter>
    </ClCompile>
    <ClCompile Include="skullandscalpdialog.cpp">
      <Filter>Source Files</Filter>
    </ClCompile>
    <ClCompile Include="..\corticalextraction\skullfinder\skullandscalptool.cpp">
      <Filter>Source Files</Filter>
    </ClCompile>
    <ClCompile Include="skullfinderguitool.cpp">
      <Filter>Source Files</Filter>
    </ClCompile>
    <ClCompile Include="skullstrippingdialog.cpp">
      <Filter>Source Files</Filter>
    </ClCompile>
    <ClCompile Include="..\corticalextraction\tca\slicesegmenter.cpp">
      <Filter>Source Files</Filter>
    </ClCompile>
    <ClCompile Include="splithemispheresdialog.cpp">
      <Filter>Source Files</Filter>
    </ClCompile>
    <ClCompile Include="surfacedisplayform.cpp">
      <Filter>Source Files</Filter>
    </ClCompile>
    <ClCompile Include="..\corticalextraction\pialmesh\surfaceexpander.cpp">
      <Filter>Source Files</Filter>
    </ClCompile>
    <ClCompile Include="surfaceinstances.cpp">
      <Filter>Source Files</Filter>
    </ClCompile>
    <ClCompile Include="surfacelabelprocess.cpp">
      <Filter>Source Files</Filter>
    </ClCompile>
    <ClCompile Include="surfacerecolor.cpp">
      <Filter>Source Files</Filter>
    </ClCompile>
    <ClCompile Include="..\surflib\surflib.cpp">
      <Filter>Source Files</Filter>
    </ClCompile>
    <ClCompile Include="svregguitool.cpp">
      <Filter>Source Files</Filter>
    </ClCompile>
    <ClCompile Include="svregistrationdialog.cpp">
      <Filter>Source Files</Filter>
    </ClCompile>
    <ClCompile Include="svregistrationtool.cpp">
      <Filter>Source Files</Filter>
    </ClCompile>
    <ClCompile Include="svregmanifest.cpp">
      <Filter>Source Files</Filter>
    </ClCompile>
    <ClCompile Include="..\corticalextraction\tca\tcafixbackground.cpp">
      <Filter>Source Files</Filter>
    </ClCompile>
    <ClCompile Include="..\corticalextraction\tca\tcafixchecker.cpp">
      <Filter>Source Files</Filter>
    </ClCompile>
    <ClCompile Include="..\corticalextraction\tca\tcafixforeground.cpp">
      <Filter>Source Files</Filter>
    </ClCompile>
    <ClCompile Include="tissueclassificationdialog.cpp">
      <Filter>Source Files</Filter>
    </ClCompile>
    <ClCompile Include="toolmanager.cpp">
      <Filter>Source Files</Filter>
    </ClCompile>
    <ClCompile Include="..\corticalextraction\tca\topofixer.cpp">
      <Filter>Source Files</Filter>
    </ClCompile>
    <ClCompile Include="topologicalcorrectiondialog.cpp">
      <Filter>Source Files</Filter>
    </ClCompile>
    <ClCompile Include="topologycorrectionguitool.cpp">
      <Filter>Source Files</Filter>
    </ClCompile>
    <ClCompile Include="..\corticalextraction\tca\topologycorrector.cpp">
      <Filter>Source Files</Filter>
    </ClCompile>
    <ClCompile Include="..\diffusion\tracks\trackfilter.cpp">
      <Filter>Source Files</Filter>
    </ClCompile>
    <ClCompile Include="..\vol3d\vol3dbase.cpp">
      <Filter>Source Files</Filter>
    </ClCompile>
    <ClCompile Include="..\vol3d\vol3dops.cpp">
      <Filter>Source Files</Filter>
    </ClCompile>
    <ClCompile Include="..\vol3d\vol3dquery.cpp">
      <Filter>Source Files</Filter>
    </ClCompile>
    <ClCompile Include="..\vol3d\vol3dreorder.cpp">
      <Filter>Source Files</Filter>
    </ClCompile>
    <ClCompile Include="..\vol3d\volumeloader.cpp">
      <Filter>Source Files</Filter>
    </ClCompile>
    <ClCompile Include="..\vol3d\volumescaler.cpp">
      <Filter>Source Files</Filter>
    </ClCompile>
    <ClCompile Include="welcomesplashpage.cpp">
      <Filter>Source Files</Filter>
    </ClCompile>
    <ClCompile Include="..\..\BrainSuite16a1_vs\GeneratedFiles\qrc_brainsuite.cpp">
      <Filter>Generated Files</Filter>
    </ClCompile>
    <ClCompile Include="..\..\BrainSuite16a1_vs\GeneratedFiles\moc_welcomesplashpage.cpp">
      <Filter>Generated Files</Filter>
    </ClCompile>
    <ClCompile Include="..\..\BrainSuite16a1_vs\GeneratedFiles\moc_topologicalcorrectiondialog.cpp">
      <Filter>Generated Files</Filter>
    </ClCompile>
    <ClCompile Include="..\..\BrainSuite16a1_vs\GeneratedFiles\moc_tissueclassificationdialog.cpp">
      <Filter>Generated Files</Filter>
    </ClCompile>
    <ClCompile Include="..\..\BrainSuite16a1_vs\GeneratedFiles\moc_svregistrationdialog.cpp">
      <Filter>Generated Files</Filter>
    </ClCompile>
    <ClCompile Include="..\..\BrainSuite16a1_vs\GeneratedFiles\moc_surfacelabelprocess.cpp">
      <Filter>Generated Files</Filter>
    </ClCompile>
    <ClCompile Include="..\..\BrainSuite16a1_vs\GeneratedFiles\moc_surfacedisplayform.cpp">
      <Filter>Generated Files</Filter>
    </ClCompile>
    <ClCompile Include="..\..\BrainSuite16a1_vs\GeneratedFiles\moc_splithemispheresdialog.cpp">
      <Filter>Generated Files</Filter>
    </ClCompile>
    <ClCompile Include="..\..\BrainSuite16a1_vs\GeneratedFiles\moc_skullstrippingdialog.cpp">
      <Filter>Generated Files</Filter>
    </ClCompile>
    <ClCompile Include="..\..\BrainSuite16a1_vs\GeneratedFiles\moc_skullandscalpdialog.cpp">
      <Filter>Generated Files</Filter>
    </ClCompile>
    <ClCompile Include="..\..\BrainSuite16a1_vs\GeneratedFiles\moc_scrubmaskdialog.cpp">
      <Filter>Generated Files</Filter>
    </ClCompile>
    <ClCompile Include="..\..\BrainSuite16a1_vs\GeneratedFiles\moc_registrationprocessdialog.cpp">
      <Filter>Generated Files</Filter>
    </ClCompile>
    <ClCompile Include="..\..\BrainSuite16a1_vs\GeneratedFiles\moc_processingthreaddialog.cpp">
      <Filter>Generated Files</Filter>
    </ClCompile>
    <ClCompile Include="..\..\BrainSuite16a1_vs\GeneratedFiles\moc_pialsurfacethreaddialog.cpp">
      <Filter>Generated Files</Filter>
    </ClCompile>
    <ClCompile Include="..\..\BrainSuite16a1_vs\GeneratedFiles\moc_pialsurfacethread.cpp">
      <Filter>Generated Files</Filter>
    </ClCompile>
    <ClCompile Include="..\..\BrainSuite16a1_vs\GeneratedFiles\moc_pialsurfacedialog.cpp">
      <Filter>Generated Files</Filter>
    </ClCompile>
    <ClCompile Include="..\..\BrainSuite16a1_vs\GeneratedFiles\moc_nonuniformitycorrectiondialog.cpp">
      <Filter>Generated Files</Filter>
    </ClCompile>
    <ClCompile Include="..\..\BrainSuite16a1_vs\GeneratedFiles\moc_innercorticalsurfacedialog.cpp">
      <Filter>Generated Files</Filter>
    </ClCompile>
    <ClCompile Include="..\..\BrainSuite16a1_vs\GeneratedFiles\moc_imagewidget.cpp">
      <Filter>Generated Files</Filter>
    </ClCompile>
    <ClCompile Include="..\..\BrainSuite16a1_vs\GeneratedFiles\moc_imageframe.cpp">
      <Filter>Generated Files</Filter>
    </ClCompile>
    <ClCompile Include="..\..\BrainSuite16a1_vs\GeneratedFiles\moc_imagedisplaypropertiesform.cpp">
      <Filter>Generated Files</Filter>
    </ClCompile>
    <ClCompile Include="..\..\BrainSuite16a1_vs\GeneratedFiles\moc_gotocoordinatedialog.cpp">
      <Filter>Generated Files</Filter>
    </ClCompile>
    <ClCompile Include="..\..\BrainSuite16a1_vs\GeneratedFiles\moc_floatslider.cpp">
      <Filter>Generated Files</Filter>
    </ClCompile>
    <ClCompile Include="..\..\BrainSuite16a1_vs\GeneratedFiles\moc_filedownloader.cpp">
      <Filter>Generated Files</Filter>
    </ClCompile>
    <ClCompile Include="..\..\BrainSuite16a1_vs\GeneratedFiles\moc_dualregistrationprocessdialog.cpp">
      <Filter>Generated Files</Filter>
    </ClCompile>
    <ClCompile Include="..\..\BrainSuite16a1_vs\GeneratedFiles\moc_dualregistrationprocess.cpp">
      <Filter>Generated Files</Filter>
    </ClCompile>
    <ClCompile Include="..\..\BrainSuite16a1_vs\GeneratedFiles\moc_dsrangeslider.cpp">
      <Filter>Generated Files</Filter>
    </ClCompile>
    <ClCompile Include="..\..\BrainSuite16a1_vs\GeneratedFiles\moc_dsimagerangecontrol.cpp">
      <Filter>Generated Files</Filter>
    </ClCompile>
    <ClCompile Include="..\..\BrainSuite16a1_vs\GeneratedFiles\moc_dsglwidget.cpp">
      <Filter>Generated Files</Filter>
    </ClCompile>
    <ClCompile Include="..\..\BrainSuite16a1_vs\GeneratedFiles\moc_dsglviewdialog.cpp">
      <Filter>Generated Files</Filter>
    </ClCompile>
    <ClCompile Include="..\..\BrainSuite16a1_vs\GeneratedFiles\moc_dsfilepathbutton.cpp">
      <Filter>Generated Files</Filter>
    </ClCompile>
    <ClCompile Include="..\..\BrainSuite16a1_vs\GeneratedFiles\moc_dsfilelabel.cpp">
      <Filter>Generated Files</Filter>
    </ClCompile>
    <ClCompile Include="..\..\BrainSuite16a1_vs\GeneratedFiles\moc_diffusiontoolboxform.cpp">
      <Filter>Generated Files</Filter>
    </ClCompile>
    <ClCompile Include="..\..\BrainSuite16a1_vs\GeneratedFiles\moc_dewispdialog.cpp">
      <Filter>Generated Files</Filter>
    </ClCompile>
    <ClCompile Include="..\..\BrainSuite16a1_vs\GeneratedFiles\moc_delineationtoolboxform.cpp">
      <Filter>Generated Files</Filter>
    </ClCompile>
    <ClCompile Include="..\..\BrainSuite16a1_vs\GeneratedFiles\moc_curvetoolboxform.cpp">
      <Filter>Generated Files</Filter>
    </ClCompile>
    <ClCompile Include="..\..\BrainSuite16a1_vs\GeneratedFiles\moc_corticalextractionsequencedialog.cpp">
      <Filter>Generated Files</Filter>
    </ClCompile>
    <ClCompile Include="..\..\BrainSuite16a1_vs\GeneratedFiles\moc_cortexidentificationdialog.cpp">
      <Filter>Generated Files</Filter>
    </ClCompile>
    <ClCompile Include="..\..\BrainSuite16a1_vs\GeneratedFiles\moc_consoletext.cpp">
      <Filter>Generated Files</Filter>
    </ClCompile>
    <ClCompile Include="..\..\BrainSuite16a1_vs\GeneratedFiles\moc_connectivityviewdialog.cpp">
      <Filter>Generated Files</Filter>
    </ClCompile>
    <ClCompile Include="..\..\BrainSuite16a1_vs\GeneratedFiles\moc_computeconnectivitythreaddialog.cpp">
      <Filter>Generated Files</Filter>
    </ClCompile>
    <ClCompile Include="..\..\BrainSuite16a1_vs\GeneratedFiles\moc_computeconnectivitythread.cpp">
      <Filter>Generated Files</Filter>
    </ClCompile>
    <ClCompile Include="..\..\BrainSuite16a1_vs\GeneratedFiles\moc_colorselectionbutton.cpp">
      <Filter>Generated Files</Filter>
    </ClCompile>
    <ClCompile Include="..\..\BrainSuite16a1_vs\GeneratedFiles\moc_clicklabel.cpp">
      <Filter>Generated Files</Filter>
    </ClCompile>
    <ClCompile Include="..\..\BrainSuite16a1_vs\GeneratedFiles\moc_cerebrumextractiondialog.cpp">
      <Filter>Generated Files</Filter>
    </ClCompile>
    <ClCompile Include="..\..\BrainSuite16a1_vs\GeneratedFiles\moc_brainsuitewindow.cpp">
      <Filter>Generated Files</Filter>
    </ClCompile>
    <ClCompile Include="..\..\BrainSuite16a1_vs\GeneratedFiles\moc_brainsuiteinstalldialog.cpp">
      <Filter>Generated Files</Filter>
    </ClCompile>
    <ClCompile Include="..\..\BrainSuite16a1_vs\GeneratedFiles\moc_biasfieldcorrectionthread.cpp">
      <Filter>Generated Files</Filter>
    </ClCompile>
    <ClCompile Include="..\..\BrainSuite16a1_vs\GeneratedFiles\moc_bfcthreaddialog.cpp">
      <Filter>Generated Files</Filter>
    </ClCompile>
    <ClCompile Include="..\..\BrainSuite16a1_vs\GeneratedFiles\moc_aboutbrainsuitedialog.cpp">
      <Filter>Generated Files</Filter>
    </ClCompile>
  </ItemGroup>
  <ItemGroup>
    <CustomBuild Include="aboutbrainsuitedialog.h">
      <Filter>Header Files</Filter>
    </CustomBuild>
    <ClInclude Include="..\include\allocator.h">
      <Filter>Header Files</Filter>
    </ClInclude>
    <ClInclude Include="..\include\argparser.h">
      <Filter>Header Files</Filter>
    </ClInclude>
    <ClInclude Include="..\include\autocrop.h">
      <Filter>Header Files</Filter>
    </ClInclude>
    <ClInclude Include="bfcguitool.h">
      <Filter>Header Files</Filter>
    </ClInclude>
    <ClInclude Include="..\corticalextraction\include\BFC\bfcmessages.h">
      <Filter>Header Files</Filter>
    </ClInclude>
    <CustomBuild Include="bfcthreaddialog.h">
      <Filter>Header Files</Filter>
    </CustomBuild>
    <ClInclude Include="..\corticalextraction\include\BFC\bfctool.h">
      <Filter>Header Files</Filter>
    </ClInclude>
    <ClInclude Include="..\corticalextraction\include\BFC\biasdensitymodel.h">
      <Filter>Header Files</Filter>
    </ClInclude>
    <CustomBuild Include="biasfieldcorrectionthread.h">
      <Filter>Header Files</Filter>
    </CustomBuild>
    <ClInclude Include="..\corticalextraction\include\BFC\biasfieldcorrector.h">
      <Filter>Header Files</Filter>
    </ClInclude>
    <ClInclude Include="..\corticalextraction\include\BFC\biasinfo.h">
      <Filter>Header Files</Filter>
    </ClInclude>
    <ClInclude Include="..\corticalextraction\include\brainsplitter.h">
      <Filter>Header Files</Filter>
    </ClInclude>
    <ClInclude Include="brainsuitedatamanager.h">
      <Filter>Header Files</Filter>
    </ClInclude>
    <CustomBuild Include="brainsuiteinstalldialog.h">
      <Filter>Header Files</Filter>
    </CustomBuild>
    <ClInclude Include="brainsuitemanifest.h">
      <Filter>Header Files</Filter>
    </ClInclude>
    <ClInclude Include="brainsuiteqtsettings.h">
      <Filter>Header Files</Filter>
    </ClInclude>
    <ClInclude Include="brainsuiterenderer.h">
      <Filter>Header Files</Filter>
    </ClInclude>
    <ClInclude Include="brainsuitesettings.h">
      <Filter>Header Files</Filter>
    </ClInclude>
    <CustomBuild Include="brainsuitewindow.h">
      <Filter>Header Files</Filter>
    </CustomBuild>
    <ClInclude Include="brainsuitewindow_t.h">
      <Filter>Header Files</Filter>
    </ClInclude>
    <ClInclude Include="bseguitool.h">
      <Filter>Header Files</Filter>
    </ClInclude>
    <ClInclude Include="..\corticalextraction\include\BSE\bsetool.h">
      <Filter>Header Files</Filter>
    </ClInclude>
    <ClInclude Include="buildversion.h">
      <Filter>Header Files</Filter>
    </ClInclude>
    <ClInclude Include="..\include\buildversiondef.h">
      <Filter>Header Files</Filter>
    </ClInclude>
    <ClInclude Include="..\include\byteorder.h">
      <Filter>Header Files</Filter>
    </ClInclude>
    <ClInclude Include="cerebroguitool.h">
      <Filter>Header Files</Filter>
    </ClInclude>
    <CustomBuild Include="cerebrumextractiondialog.h">
      <Filter>Header Files</Filter>
    </CustomBuild>
    <ClInclude Include="cerebrumlabelerqt.h">
      <Filter>Header Files</Filter>
    </ClInclude>
    <ClInclude Include="..\corticalextraction\include\BFC\clampcopy.h">
      <Filter>Header Files</Filter>
    </ClInclude>
    <CustomBuild Include="clicklabel.h">
      <Filter>Header Files</Filter>
    </CustomBuild>
    <ClInclude Include="..\include\collector.h">
      <Filter>Header Files</Filter>
    </ClInclude>
    <ClInclude Include="..\include\colormap.h">
      <Filter>Header Files</Filter>
    </ClInclude>
    <ClInclude Include="colorops.h">
      <Filter>Header Files</Filter>
    </ClInclude>
    <CustomBuild Include="colorselectionbutton.h">
      <Filter>Header Files</Filter>
    </CustomBuild>
    <ClInclude Include="..\include\commonerrors.h">
      <Filter>Header Files</Filter>
    </ClInclude>
    <CustomBuild Include="computeconnectivitythread.h">
      <Filter>Header Files</Filter>
    </CustomBuild>
    <CustomBuild Include="computeconnectivitythreaddialog.h">
      <Filter>Header Files</Filter>
    </CustomBuild>
    <ClInclude Include="computerange.h">
      <Filter>Header Files</Filter>
    </ClInclude>
    <ClInclude Include="..\include\connectionlist.h">
      <Filter>Header Files</Filter>
    </ClInclude>
    <ClInclude Include="connectivityglwidget.h">
      <Filter>Header Files</Filter>
    </ClInclude>
    <ClInclude Include="..\diffusion\include\connectivityproperties.h">
      <Filter>Header Files</Filter>
    </ClInclude>
    <ClInclude Include="connectivityrenderer.h">
      <Filter>Header Files</Filter>
    </ClInclude>
    <CustomBuild Include="connectivityviewdialog.h">
      <Filter>Header Files</Filter>
    </CustomBuild>
    <CustomBuild Include="consoletext.h">
      <Filter>Header Files</Filter>
    </CustomBuild>
    <CustomBuild Include="cortexidentificationdialog.h">
      <Filter>Header Files</Filter>
    </CustomBuild>
    <ClInclude Include="..\corticalextraction\include\cortexmodeler.h">
      <Filter>Header Files</Filter>
    </ClInclude>
    <ClInclude Include="cortexmodelguitool.h">
      <Filter>Header Files</Filter>
    </ClInclude>
    <ClInclude Include="corticalextractiondata.h">
      <Filter>Header Files</Filter>
    </ClInclude>
    <CustomBuild Include="corticalextractionsequencedialog.h">
      <Filter>Header Files</Filter>
    </CustomBuild>
    <ClInclude Include="corticalextractionsettings.h">
      <Filter>Header Files</Filter>
    </ClInclude>
    <CustomBuild Include="curvetoolboxform.h">
      <Filter>Header Files</Filter>
    </CustomBuild>
    <ClInclude Include="cylinder.h">
      <Filter>Header Files</Filter>
    </ClInclude>
    <ClInclude Include="..\corticalextraction\include\TCA\dad.h">
      <Filter>Header Files</Filter>
    </ClInclude>
    <CustomBuild Include="delineationtoolboxform.h">
      <Filter>Header Files</Filter>
    </CustomBuild>
    <ClInclude Include="..\corticalextraction\include\dewisp.h">
      <Filter>Header Files</Filter>
    </ClInclude>
    <CustomBuild Include="dewispdialog.h">
      <Filter>Header Files</Filter>
    </CustomBuild>
    <ClInclude Include="dewispguitool.h">
      <Filter>Header Files</Filter>
    </ClInclude>
    <ClInclude Include="..\corticalextraction\include\dewisptool.h">
      <Filter>Header Files</Filter>
    </ClInclude>
    <ClInclude Include="..\include\dfsheader.h">
      <Filter>Header Files</Filter>
    </ClInclude>
    <ClInclude Include="diffusioncolorops.h">
      <Filter>Header Files</Filter>
    </ClInclude>
    <CustomBuild Include="diffusiontoolboxform.h">
      <Filter>Header Files</Filter>
    </CustomBuild>
    <ClInclude Include="displaycode.h">
      <Filter>Header Files</Filter>
    </ClInclude>
    <CustomBuild Include="dsfilelabel.h">
      <Filter>Header Files</Filter>
    </CustomBuild>
    <CustomBuild Include="dsfilepathbutton.h">
      <Filter>Header Files</Filter>
    </CustomBuild>
    <ClInclude Include="dsglslider.h">
      <Filter>Header Files</Filter>
    </ClInclude>
    <CustomBuild Include="dsglviewdialog.h">
      <Filter>Header Files</Filter>
    </CustomBuild>
    <CustomBuild Include="dsglwidget.h">
      <Filter>Header Files</Filter>
    </CustomBuild>
    <ClInclude Include="dsimage.h">
      <Filter>Header Files</Filter>
    </ClInclude>
    <CustomBuild Include="dsimagerangecontrol.h">
      <Filter>Header Files</Filter>
    </CustomBuild>
    <ClInclude Include="dslight.h">
      <Filter>Header Files</Filter>
    </ClInclude>
    <ClInclude Include="..\include\dsnifti.h">
      <Filter>Header Files</Filter>
    </ClInclude>
    <ClInclude Include="..\include\dspoint.h">
      <Filter>Header Files</Filter>
    </ClInclude>
    <CustomBuild Include="dsrangeslider.h">
      <Filter>Header Files</Filter>
    </CustomBuild>
    <ClInclude Include="dstube.h">
      <Filter>Header Files</Filter>
    </ClInclude>
    <CustomBuild Include="dualregistrationprocess.h">
      <Filter>Header Files</Filter>
    </CustomBuild>
    <CustomBuild Include="dualregistrationprocessdialog.h">
      <Filter>Header Files</Filter>
    </CustomBuild>
    <ClInclude Include="..\corticalextraction\include\TCA\edgetable.h">
      <Filter>Header Files</Filter>
    </ClInclude>
    <ClInclude Include="..\include\eigensystem3x3.h">
      <Filter>Header Files</Filter>
    </ClInclude>
    <ClInclude Include="..\include\endianswap.h">
      <Filter>Header Files</Filter>
    </ClInclude>
    <ClInclude Include="extractionguitool.h">
      <Filter>Header Files</Filter>
    </ClInclude>
    <ClInclude Include="extractionstages.h">
      <Filter>Header Files</Filter>
    </ClInclude>
    <ClInclude Include="fiberrenderer.h">
      <Filter>Header Files</Filter>
    </ClInclude>
    <CustomBuild Include="filedownloader.h">
      <Filter>Header Files</Filter>
    </CustomBuild>
    <CustomBuild Include="floatslider.h">
      <Filter>Header Files</Filter>
    </CustomBuild>
    <ClInclude Include="..\corticalextraction\include\PVC\gaussian.h">
      <Filter>Header Files</Filter>
    </ClInclude>
    <ClInclude Include="glcompatibility.h">
      <Filter>Header Files</Filter>
    </ClInclude>
    <ClInclude Include="glframe2d.h">
      <Filter>Header Files</Filter>
    </ClInclude>
    <ClInclude Include="glglyphs.h">
      <Filter>Header Files</Filter>
    </ClInclude>
    <ClInclude Include="glslicerender.h">
      <Filter>Header Files</Filter>
    </ClInclude>
    <ClInclude Include="glviewcontroller.h">
      <Filter>Header Files</Filter>
    </ClInclude>
    <CustomBuild Include="gotocoordinatedialog.h">
      <Filter>Header Files</Filter>
    </CustomBuild>
    <ClInclude Include="..\include\graph.h">
      <Filter>Header Files</Filter>
    </ClInclude>
    <ClInclude Include="..\corticalextraction\include\TCA\grapht.h">
      <Filter>Header Files</Filter>
    </ClInclude>
    <ClInclude Include="hardirenderer.h">
      <Filter>Header Files</Filter>
    </ClInclude>
    <ClInclude Include="hemisplitguitool.h">
      <Filter>Header Files</Filter>
    </ClInclude>
    <ClInclude Include="..\include\histogramsmoother.h">
      <Filter>Header Files</Filter>
    </ClInclude>
    <CustomBuild Include="imagedisplaypropertiesform.h">
      <Filter>Header Files</Filter>
    </CustomBuild>
    <CustomBuild Include="imageframe.h">
      <Filter>Header Files</Filter>
    </CustomBuild>
    <ClInclude Include="imagestate.h">
      <Filter>Header Files</Filter>
    </ClInclude>
    <CustomBuild Include="imagewidget.h">
      <Filter>Header Files</Filter>
    </CustomBuild>
    <CustomBuild Include="innercorticalsurfacedialog.h">
      <Filter>Header Files</Filter>
    </CustomBuild>
    <ClInclude Include="innercorticalsurfaceguitool.h">
      <Filter>Header Files</Filter>
    </ClInclude>
    <ClInclude Include="..\include\ipoint3d.h">
      <Filter>Header Files</Filter>
    </ClInclude>
    <ClInclude Include="labelbrush.h">
      <Filter>Header Files</Filter>
    </ClInclude>
    <ClInclude Include="..\include\labeldescriptionset.h">
      <Filter>Header Files</Filter>
    </ClInclude>
    <ClInclude Include="..\include\labeldetails.h">
      <Filter>Header Files</Filter>
    </ClInclude>
    <ClInclude Include="latestversionmanifest.h">
      <Filter>Header Files</Filter>
    </ClInclude>
    <ClInclude Include="..\include\libversiontext.h">
      <Filter>Header Files</Filter>
    </ClInclude>
    <ClInclude Include="..\corticalextraction\include\TCA\link.h">
      <Filter>Header Files</Filter>
    </ClInclude>
    <ClInclude Include="..\corticalextraction\include\TCA\linkbg.h">
      <Filter>Header Files</Filter>
    </ClInclude>
    <ClInclude Include="lutmenusystem.h">
      <Filter>Header Files</Filter>
    </ClInclude>
    <ClInclude Include="..\include\marchingcubes.h">
      <Filter>Header Files</Filter>
    </ClInclude>
    <ClInclude Include="..\include\marchingcubes_t.h">
      <Filter>Header Files</Filter>
    </ClInclude>
    <ClInclude Include="..\include\marrhildrethedgedetector.h">
      <Filter>Header Files</Filter>
    </ClInclude>
    <ClInclude Include="..\corticalextraction\include\maskscrubber.h">
      <Filter>Header Files</Filter>
    </ClInclude>
    <ClInclude Include="..\include\mat3.h">
      <Filter>Header Files</Filter>
    </ClInclude>
    <ClInclude Include="..\corticalextraction\include\TCA\maximalspanningtree.h">
      <Filter>Header Files</Filter>
    </ClInclude>
    <ClInclude Include="..\corticalextraction\include\BFC\means3.h">
      <Filter>Header Files</Filter>
    </ClInclude>
    <ClInclude Include="..\include\niftiinfo.h">
      <Filter>Header Files</Filter>
    </ClInclude>
    <ClInclude Include="..\include\niftiparser.h">
      <Filter>Header Files</Filter>
    </ClInclude>
    <CustomBuild Include="nonuniformitycorrectiondialog.h">
      <Filter>Header Files</Filter>
    </CustomBuild>
    <ClInclude Include="..\include\operators.h">
      <Filter>Header Files</Filter>
    </ClInclude>
    <ClInclude Include="orientation.h">
      <Filter>Header Files</Filter>
    </ClInclude>
    <CustomBuild Include="pialsurfacedialog.h">
      <Filter>Header Files</Filter>
    </CustomBuild>
    <ClInclude Include="pialsurfaceguitool.h">
      <Filter>Header Files</Filter>
    </ClInclude>
    <CustomBuild Include="pialsurfacethread.h">
      <Filter>Header Files</Filter>
    </CustomBuild>
    <CustomBuild Include="pialsurfacethreaddialog.h">
      <Filter>Header Files</Filter>
    </CustomBuild>
    <ClInclude Include="pialsurfacetool.h">
      <Filter>Header Files</Filter>
    </ClInclude>
    <ClInclude Include="..\include\point3d.h">
      <Filter>Header Files</Filter>
    </ClInclude>
    <ClInclude Include="..\corticalextraction\include\TCA\priorityqueue.h">
      <Filter>Header Files</Filter>
    </ClInclude>
    <CustomBuild Include="processingthreaddialog.h">
      <Filter>Header Files</Filter>
    </CustomBuild>
    <ClInclude Include="pvcguitool.h">
      <Filter>Header Files</Filter>
    </ClInclude>
    <ClInclude Include="..\corticalextraction\include\PVC\pvctool.h">
      <Filter>Header Files</Filter>
    </ClInclude>
    <ClInclude Include="..\corticalextraction\include\PVC\pvmodel.h">
      <Filter>Header Files</Filter>
    </ClInclude>
    <ClInclude Include="qtrendertemplates.h">
      <Filter>Header Files</Filter>
    </ClInclude>
    <ClInclude Include="quietset.h">
      <Filter>Header Files</Filter>
    </ClInclude>
    <CustomBuild Include="registrationprocessdialog.h">
      <Filter>Header Files</Filter>
    </CustomBuild>
    <ClInclude Include="..\corticalextraction\include\BFC\regularizedsplinef.h">
      <Filter>Header Files</Filter>
    </ClInclude>
    <ClInclude Include="..\include\rgb8.h">
      <Filter>Header Files</Filter>
    </ClInclude>
    <ClInclude Include="..\corticalextraction\include\BFC\roihistogram.h">
      <Filter>Header Files</Filter>
    </ClInclude>
    <CustomBuild Include="scrubmaskdialog.h">
      <Filter>Header Files</Filter>
    </CustomBuild>
    <ClInclude Include="scrubmaskguitool.h">
      <Filter>Header Files</Filter>
    </ClInclude>
    <ClInclude Include="..\corticalextraction\include\TCA\seeker.h">
      <Filter>Header Files</Filter>
    </ClInclude>
    <ClInclude Include="..\include\siltbyteswap.h">
      <Filter>Header Files</Filter>
    </ClInclude>
    <ClInclude Include="..\include\silttypes.h">
      <Filter>Header Files</Filter>
    </ClInclude>
    <CustomBuild Include="skullandscalpdialog.h">
      <Filter>Header Files</Filter>
    </CustomBuild>
    <ClInclude Include="skullfinderguitool.h">
      <Filter>Header Files</Filter>
    </ClInclude>
    <CustomBuild Include="skullstrippingdialog.h">
      <Filter>Header Files</Filter>
    </CustomBuild>
    <ClInclude Include="..\diffusion\include\slice2d.h">
      <Filter>Header Files</Filter>
    </ClInclude>
    <ClInclude Include="slicefill.h">
      <Filter>Header Files</Filter>
    </ClInclude>
    <ClInclude Include="..\corticalextraction\include\TCA\slicelabel.h">
      <Filter>Header Files</Filter>
    </ClInclude>
    <ClInclude Include="..\corticalextraction\include\TCA\sliceops.h">
      <Filter>Header Files</Filter>
    </ClInclude>
    <ClInclude Include="..\corticalextraction\include\TCA\slicesegmenter.h">
      <Filter>Header Files</Filter>
    </ClInclude>
    <ClInclude Include="..\include\slicet.h">
      <Filter>Header Files</Filter>
    </ClInclude>
    <ClInclude Include="..\corticalextraction\include\TCA\slicetemplates.h">
      <Filter>Header Files</Filter>
    </ClInclude>
    <ClInclude Include="..\include\smoothingkernel.h">
      <Filter>Header Files</Filter>
    </ClInclude>
    <CustomBuild Include="splithemispheresdialog.h">
      <Filter>Header Files</Filter>
    </CustomBuild>
    <ClInclude Include="..\include\strutil.h">
      <Filter>Header Files</Filter>
    </ClInclude>
    <ClInclude Include="..\include\subvol.h">
      <Filter>Header Files</Filter>
    </ClInclude>
    <ClInclude Include="surfacealpha.h">
      <Filter>Header Files</Filter>
    </ClInclude>
    <CustomBuild Include="surfacedisplayform.h">
      <Filter>Header Files</Filter>
    </CustomBuild>
    <ClInclude Include="..\corticalextraction\include\surfaceexpander.h">
      <Filter>Header Files</Filter>
    </ClInclude>
    <ClInclude Include="surfaceinstances.h">
      <Filter>Header Files</Filter>
    </ClInclude>
    <CustomBuild Include="surfacelabelprocess.h">
      <Filter>Header Files</Filter>
    </CustomBuild>
    <ClInclude Include="surfacerecolor.h">
      <Filter>Header Files</Filter>
    </ClInclude>
    <ClInclude Include="surfacerecolorchoices.h">
      <Filter>Header Files</Filter>
    </ClInclude>
    <ClInclude Include="surfaceviewproperties.h">
      <Filter>Header Files</Filter>
    </ClInclude>
    <ClInclude Include="svregguitool.h">
      <Filter>Header Files</Filter>
    </ClInclude>
    <CustomBuild Include="svregistrationdialog.h">
      <Filter>Header Files</Filter>
    </CustomBuild>
    <ClInclude Include="svregistrationtool.h">
      <Filter>Header Files</Filter>
    </ClInclude>
    <ClInclude Include="svregmanifest.h">
      <Filter>Header Files</Filter>
    </ClInclude>
    <ClInclude Include="..\corticalextraction\include\TCA\tcafixbackground.h">
      <Filter>Header Files</Filter>
    </ClInclude>
    <ClInclude Include="..\corticalextraction\include\TCA\tcafixchecker.h">
      <Filter>Header Files</Filter>
    </ClInclude>
    <ClInclude Include="..\corticalextraction\include\TCA\tcafixforeground.h">
      <Filter>Header Files</Filter>
    </ClInclude>
    <ClInclude Include="..\include\tensor3x3.h">
      <Filter>Header Files</Filter>
    </ClInclude>
    <ClInclude Include="tensorglyphrenderer.h">
      <Filter>Header Files</Filter>
    </ClInclude>
    <ClInclude Include="tensorglyphrenderer_t.h">
      <Filter>Header Files</Filter>
    </ClInclude>
    <ClInclude Include="threaddialogstatus.h">
      <Filter>Header Files</Filter>
    </ClInclude>
    <ClInclude Include="thresholdtools.h">
      <Filter>Header Files</Filter>
    </ClInclude>
    <CustomBuild Include="tissueclassificationdialog.h">
      <Filter>Header Files</Filter>
    </CustomBuild>
    <ClInclude Include="..\corticalextraction\include\PVC\tissuelabels.h">
      <Filter>Header Files</Filter>
    </ClInclude>
    <ClInclude Include="toolmanager.h">
      <Filter>Header Files</Filter>
    </ClInclude>
    <ClInclude Include="..\corticalextraction\include\topofixer.h">
      <Filter>Header Files</Filter>
    </ClInclude>
    <CustomBuild Include="topologicalcorrectiondialog.h">
      <Filter>Header Files</Filter>
    </CustomBuild>
    <ClInclude Include="topologycorrectionguitool.h">
      <Filter>Header Files</Filter>
    </ClInclude>
    <ClInclude Include="..\corticalextraction\include\TCA\topologycorrector.h">
      <Filter>Header Files</Filter>
    </ClInclude>
    <ClInclude Include="..\include\triangle.h">
      <Filter>Header Files</Filter>
    </ClInclude>
    <ClInclude Include="..\include\triple.h">
      <Filter>Header Files</Filter>
    </ClInclude>
    <ClInclude Include="undosystem.h">
      <Filter>Header Files</Filter>
    </ClInclude>
    <ClInclude Include="..\include\uvpoint.h">
      <Filter>Header Files</Filter>
    </ClInclude>
    <ClInclude Include="..\include\vbit.h">
      <Filter>Header Files</Filter>
    </ClInclude>
    <ClInclude Include="..\include\vectorutil.h">
      <Filter>Header Files</Filter>
    </ClInclude>
    <ClInclude Include="..\include\vol3d.h">
      <Filter>Header Files</Filter>
    </ClInclude>
    <ClInclude Include="..\include\vol3d_t.h">
      <Filter>Header Files</Filter>
    </ClInclude>
    <ClInclude Include="..\include\vol3dbase.h">
      <Filter>Header Files</Filter>
    </ClInclude>
    <ClInclude Include="..\include\vol3dcompressed.h">
      <Filter>Header Files</Filter>
    </ClInclude>
    <ClInclude Include="..\include\vol3dcrop.h">
      <Filter>Header Files</Filter>
    </ClInclude>
    <ClInclude Include="..\include\vol3ddatatypes.h">
      <Filter>Header Files</Filter>
    </ClInclude>
    <ClInclude Include="..\include\vol3dhistogram.h">
      <Filter>Header Files</Filter>
    </ClInclude>
    <ClInclude Include="..\include\vol3dlib.h">
      <Filter>Header Files</Filter>
    </ClInclude>
    <ClInclude Include="..\include\vol3dops.h">
      <Filter>Header Files</Filter>
    </ClInclude>
    <ClInclude Include="..\include\vol3dquery.h">
      <Filter>Header Files</Filter>
    </ClInclude>
    <ClInclude Include="..\include\vol3dreorder.h">
      <Filter>Header Files</Filter>
    </ClInclude>
    <ClInclude Include="..\include\vol3dsimple.h">
      <Filter>Header Files</Filter>
    </ClInclude>
    <ClInclude Include="..\include\vol3dutils.h">
      <Filter>Header Files</Filter>
    </ClInclude>
    <ClInclude Include="..\include\volumedivisor.h">
      <Filter>Header Files</Filter>
    </ClInclude>
    <ClInclude Include="..\include\volumeloader.h">
      <Filter>Header Files</Filter>
    </ClInclude>
    <ClInclude Include="volumepainter.h">
      <Filter>Header Files</Filter>
    </ClInclude>
    <ClInclude Include="..\include\volumescaler.h">
      <Filter>Header Files</Filter>
    </ClInclude>
    <ClInclude Include="waitcursor.h">
      <Filter>Header Files</Filter>
    </ClInclude>
    <ClInclude Include="..\corticalextraction\include\BFC\weighting.h">
      <Filter>Header Files</Filter>
    </ClInclude>
    <CustomBuild Include="welcomesplashpage.h">
      <Filter>Header Files</Filter>
    </CustomBuild>
    <ClInclude Include="..\include\xmlbuffer.h">
      <Filter>Header Files</Filter>
    </ClInclude>
    <ClInclude Include="..\include\zstream.h">
      <Filter>Header Files</Filter>
    </ClInclude>
  </ItemGroup>
  <ItemGroup>
    <CustomBuild Include="aboutbrainsuitedialog.ui">
      <Filter>Form Files</Filter>
    </CustomBuild>
    <CustomBuild Include="bfcthreaddialog.ui">
      <Filter>Form Files</Filter>
    </CustomBuild>
    <CustomBuild Include="brainsuiteinstalldialog.ui">
      <Filter>Form Files</Filter>
    </CustomBuild>
    <CustomBuild Include="brainsuitewindow.ui">
      <Filter>Form Files</Filter>
    </CustomBuild>
    <CustomBuild Include="cerebrumextractiondialog.ui">
      <Filter>Form Files</Filter>
    </CustomBuild>
    <CustomBuild Include="computeconnectivitythreaddialog.ui">
      <Filter>Form Files</Filter>
    </CustomBuild>
    <CustomBuild Include="connectivityviewdialog.ui">
      <Filter>Form Files</Filter>
    </CustomBuild>
    <CustomBuild Include="cortexidentificationdialog.ui">
      <Filter>Form Files</Filter>
    </CustomBuild>
    <CustomBuild Include="corticalextractionsequencedialog.ui">
      <Filter>Form Files</Filter>
    </CustomBuild>
    <CustomBuild Include="curvetoolboxform.ui">
      <Filter>Form Files</Filter>
    </CustomBuild>
    <CustomBuild Include="delineationtoolboxform.ui">
      <Filter>Form Files</Filter>
    </CustomBuild>
    <CustomBuild Include="dewispdialog.ui">
      <Filter>Form Files</Filter>
    </CustomBuild>
    <CustomBuild Include="diffusiontoolboxform.ui">
      <Filter>Form Files</Filter>
    </CustomBuild>
    <CustomBuild Include="dsglviewdialog.ui">
      <Filter>Form Files</Filter>
    </CustomBuild>
    <CustomBuild Include="dualregistrationprocessdialog.ui">
      <Filter>Form Files</Filter>
    </CustomBuild>
    <CustomBuild Include="gotocoordinatedialog.ui">
      <Filter>Form Files</Filter>
    </CustomBuild>
    <CustomBuild Include="imagedisplaypropertiesform.ui">
      <Filter>Form Files</Filter>
    </CustomBuild>
    <CustomBuild Include="imageframe.ui">
      <Filter>Form Files</Filter>
    </CustomBuild>
    <CustomBuild Include="innercorticalsurfacedialog.ui">
      <Filter>Form Files</Filter>
    </CustomBuild>
    <CustomBuild Include="nonuniformitycorrectiondialog.ui">
      <Filter>Form Files</Filter>
    </CustomBuild>
    <CustomBuild Include="pialsurfacedialog.ui">
      <Filter>Form Files</Filter>
    </CustomBuild>
    <CustomBuild Include="pialsurfacethreaddialog.ui">
      <Filter>Form Files</Filter>
    </CustomBuild>
    <CustomBuild Include="processingthreaddialog.ui">
      <Filter>Form Files</Filter>
    </CustomBuild>
    <CustomBuild Include="registrationprocessdialog.ui">
      <Filter>Form Files</Filter>
    </CustomBuild>
    <CustomBuild Include="scrubmaskdialog.ui">
      <Filter>Form Files</Filter>
    </CustomBuild>
    <CustomBuild Include="skullandscalpdialog.ui">
      <Filter>Form Files</Filter>
    </CustomBuild>
    <CustomBuild Include="skullstrippingdialog.ui">
      <Filter>Form Files</Filter>
    </CustomBuild>
    <CustomBuild Include="splithemispheresdialog.ui">
      <Filter>Form Files</Filter>
    </CustomBuild>
    <CustomBuild Include="surfacedisplayform.ui">
      <Filter>Form Files</Filter>
    </CustomBuild>
    <CustomBuild Include="svregistrationdialog.ui">
      <Filter>Form Files</Filter>
    </CustomBuild>
    <CustomBuild Include="tissueclassificationdialog.ui">
      <Filter>Form Files</Filter>
    </CustomBuild>
    <CustomBuild Include="topologicalcorrectiondialog.ui">
      <Filter>Form Files</Filter>
    </CustomBuild>
    <CustomBuild Include="welcomesplashpage.ui">
      <Filter>Form Files</Filter>
    </CustomBuild>
  </ItemGroup>
  <ItemGroup>
    <None Include="images\ax_slice.png">
      <Filter>Resource Files</Filter>
    </None>
    <None Include="atlas\brainsuite.icbm452.lpi.v08a.hdr">
      <Filter>Resource Files</Filter>
    </None>
    <None Include="atlas\brainsuite.icbm452.lpi.v08a.img">
      <Filter>Resource Files</Filter>
    </None>
    <None Include="atlas\brainsuite.icbm452.lpi.v09e3.label.hdr">
      <Filter>Resource Files</Filter>
    </None>
    <None Include="atlas\brainsuite.icbm452.lpi.v09e3.label.img">
      <Filter>Resource Files</Filter>
    </None>
    <None Include="atlas\brainsuite.icbm452.v15a.label.hdr">
      <Filter>Resource Files</Filter>
    </None>
    <None Include="atlas\brainsuite.icbm452.v15a.label.img">
      <Filter>Resource Files</Filter>
    </None>
    <CustomBuild Include="brainsuite.qrc">
      <Filter>Resource Files</Filter>
    </CustomBuild>
    <None Include="images\brainsuite_icon_128px.png">
      <Filter>Resource Files</Filter>
    </None>
    <None Include="images\brainsuite_icon_256px.ico">
      <Filter>Resource Files</Filter>
    </None>
    <None Include="images\brainsuite_icon_256px.png">
      <Filter>Resource Files</Filter>
    </None>
    <None Include="images\brainsuite_icon_512px.png">
      <Filter>Resource Files</Filter>
    </None>
    <None Include="labeldesc\brainsuite_labeldescriptions_14May2014.xml">
      <Filter>Resource Files</Filter>
    </None>
    <None Include="protocols\brainsuite_protocol_Damasio2009.xml">
      <Filter>Resource Files</Filter>
    </None>
    <None Include="images\bst_plus.png">
      <Filter>Resource Files</Filter>
    </None>
    <None Include="images\close_icon_64px.png">
      <Filter>Resource Files</Filter>
    </None>
    <None Include="images\cor_slice.png">
      <Filter>Resource Files</Filter>
    </None>
    <None Include="images\curve_tool_icon_64px.png">
      <Filter>Resource Files</Filter>
    </None>
    <None Include="images\dilate_cube_icon_64px.png">
      <Filter>Resource Files</Filter>
    </None>
    <None Include="images\dilate_diamond_icon_64px.png">
      <Filter>Resource Files</Filter>
    </None>
    <None Include="images\erode_cube_icon_x64.png">
      <Filter>Resource Files</Filter>
    </None>
    <None Include="images\erode_diamond_icon_x64.png">
      <Filter>Resource Files</Filter>
    </None>
    <None Include="images\folder_open_brain_256px.png">
      <Filter>Resource Files</Filter>
    </None>
    <None Include="images\grab_label_icon_64px.png">
      <Filter>Resource Files</Filter>
    </None>
    <None Include="images\hardi_icon.png">
      <Filter>Resource Files</Filter>
    </None>
    <None Include="images\image_properties.png">
      <Filter>Resource Files</Filter>
    </None>
    <None Include="images\mask_icon.png">
      <Filter>Resource Files</Filter>
    </None>
    <None Include="images\sag_slice.png">
      <Filter>Resource Files</Filter>
    </None>
    <None Include="images\surface_icon.png">
      <Filter>Resource Files</Filter>
    </None>
    <None Include="images\surface_rewind_256px.png">
      <Filter>Resource Files</Filter>
    </None>
    <None Include="images\surface_screen_4up_256px.png">
      <Filter>Resource Files</Filter>
    </None>
    <None Include="images\surface_screen_maximize_256px.png">
      <Filter>Resource Files</Filter>
    </None>
    <None Include="images\surface_view_popout_256px.png">
      <Filter>Resource Files</Filter>
    </None>
  </ItemGroup>
  <ItemGroup>
    <ResourceCompile Include="brainsuiteico.rc" />
  </ItemGroup>
  <ItemGroup>
    <ClInclude Include="..\..\BrainSuite16a1_vs\GeneratedFiles\ui_aboutbrainsuitedialog.h">
      <Filter>Generated Files</Filter>
    </ClInclude>
    <ClInclude Include="..\..\BrainSuite16a1_vs\GeneratedFiles\ui_bfcthreaddialog.h">
      <Filter>Generated Files</Filter>
    </ClInclude>
    <ClInclude Include="..\..\BrainSuite16a1_vs\GeneratedFiles\ui_brainsuiteinstalldialog.h">
      <Filter>Generated Files</Filter>
    </ClInclude>
    <ClInclude Include="..\..\BrainSuite16a1_vs\GeneratedFiles\ui_brainsuitewindow.h">
      <Filter>Generated Files</Filter>
    </ClInclude>
    <ClInclude Include="..\..\BrainSuite16a1_vs\GeneratedFiles\ui_cerebrumextractiondialog.h">
      <Filter>Generated Files</Filter>
    </ClInclude>
    <ClInclude Include="..\..\BrainSuite16a1_vs\GeneratedFiles\ui_computeconnectivitythreaddialog.h">
      <Filter>Generated Files</Filter>
    </ClInclude>
    <ClInclude Include="..\..\BrainSuite16a1_vs\GeneratedFiles\ui_connectivityviewdialog.h">
      <Filter>Generated Files</Filter>
    </ClInclude>
    <ClInclude Include="..\..\BrainSuite16a1_vs\GeneratedFiles\ui_cortexidentificationdialog.h">
      <Filter>Generated Files</Filter>
    </ClInclude>
    <ClInclude Include="..\..\BrainSuite16a1_vs\GeneratedFiles\ui_corticalextractionsequencedialog.h">
      <Filter>Generated Files</Filter>
    </ClInclude>
    <ClInclude Include="..\..\BrainSuite16a1_vs\GeneratedFiles\ui_curvetoolboxform.h">
      <Filter>Generated Files</Filter>
    </ClInclude>
    <ClInclude Include="..\..\BrainSuite16a1_vs\GeneratedFiles\ui_delineationtoolboxform.h">
      <Filter>Generated Files</Filter>
    </ClInclude>
    <ClInclude Include="..\..\BrainSuite16a1_vs\GeneratedFiles\ui_dewispdialog.h">
      <Filter>Generated Files</Filter>
    </ClInclude>
    <ClInclude Include="..\..\BrainSuite16a1_vs\GeneratedFiles\ui_diffusiontoolboxform.h">
      <Filter>Generated Files</Filter>
    </ClInclude>
    <ClInclude Include="..\..\BrainSuite16a1_vs\GeneratedFiles\ui_dsglviewdialog.h">
      <Filter>Generated Files</Filter>
    </ClInclude>
    <ClInclude Include="..\..\BrainSuite16a1_vs\GeneratedFiles\ui_dualregistrationprocessdialog.h">
      <Filter>Generated Files</Filter>
    </ClInclude>
    <ClInclude Include="..\..\BrainSuite16a1_vs\GeneratedFiles\ui_gotocoordinatedialog.h">
      <Filter>Generated Files</Filter>
    </ClInclude>
    <ClInclude Include="..\..\BrainSuite16a1_vs\GeneratedFiles\ui_imagedisplaypropertiesform.h">
      <Filter>Generated Files</Filter>
    </ClInclude>
    <ClInclude Include="..\..\BrainSuite16a1_vs\GeneratedFiles\ui_imageframe.h">
      <Filter>Generated Files</Filter>
    </ClInclude>
    <ClInclude Include="..\..\BrainSuite16a1_vs\GeneratedFiles\ui_innercorticalsurfacedialog.h">
      <Filter>Generated Files</Filter>
    </ClInclude>
    <ClInclude Include="..\..\BrainSuite16a1_vs\GeneratedFiles\ui_nonuniformitycorrectiondialog.h">
      <Filter>Generated Files</Filter>
    </ClInclude>
    <ClInclude Include="..\..\BrainSuite16a1_vs\GeneratedFiles\ui_pialsurfacedialog.h">
      <Filter>Generated Files</Filter>
    </ClInclude>
    <ClInclude Include="..\..\BrainSuite16a1_vs\GeneratedFiles\ui_pialsurfacethreaddialog.h">
      <Filter>Generated Files</Filter>
    </ClInclude>
    <ClInclude Include="..\..\BrainSuite16a1_vs\GeneratedFiles\ui_processingthreaddialog.h">
      <Filter>Generated Files</Filter>
    </ClInclude>
    <ClInclude Include="..\..\BrainSuite16a1_vs\GeneratedFiles\ui_registrationprocessdialog.h">
      <Filter>Generated Files</Filter>
    </ClInclude>
    <ClInclude Include="..\..\BrainSuite16a1_vs\GeneratedFiles\ui_scrubmaskdialog.h">
      <Filter>Generated Files</Filter>
    </ClInclude>
    <ClInclude Include="..\..\BrainSuite16a1_vs\GeneratedFiles\ui_skullandscalpdialog.h">
      <Filter>Generated Files</Filter>
    </ClInclude>
    <ClInclude Include="..\..\BrainSuite16a1_vs\GeneratedFiles\ui_skullstrippingdialog.h">
      <Filter>Generated Files</Filter>
    </ClInclude>
    <ClInclude Include="..\..\BrainSuite16a1_vs\GeneratedFiles\ui_splithemispheresdialog.h">
      <Filter>Generated Files</Filter>
    </ClInclude>
    <ClInclude Include="..\..\BrainSuite16a1_vs\GeneratedFiles\ui_surfacedisplayform.h">
      <Filter>Generated Files</Filter>
    </ClInclude>
    <ClInclude Include="..\..\BrainSuite16a1_vs\GeneratedFiles\ui_svregistrationdialog.h">
      <Filter>Generated Files</Filter>
    </ClInclude>
    <ClInclude Include="..\..\BrainSuite16a1_vs\GeneratedFiles\ui_tissueclassificationdialog.h">
      <Filter>Generated Files</Filter>
    </ClInclude>
    <ClInclude Include="..\..\BrainSuite16a1_vs\GeneratedFiles\ui_topologicalcorrectiondialog.h">
      <Filter>Generated Files</Filter>
    </ClInclude>
    <ClInclude Include="..\..\BrainSuite16a1_vs\GeneratedFiles\ui_welcomesplashpage.h">
      <Filter>Generated Files</Filter>
    </ClInclude>
  </ItemGroup>
</Project>